// !$*UTF8*$!
{
	archiveVersion = 1;
	classes = {
	};
	objectVersion = 77;
	objects = {

/* Begin PBXBuildFile section */
		B801E6B12D1EE8F900F2078E /* LocationsViewController.swift in Sources */ = {isa = PBXBuildFile; fileRef = B801E6AE2D1EE8F900F2078E /* LocationsViewController.swift */; };
		B801E6B22D1EE8F900F2078E /* WeatherViewController.swift in Sources */ = {isa = PBXBuildFile; fileRef = B801E6AF2D1EE8F900F2078E /* WeatherViewController.swift */; };
		B84CB4832D8AF0390050A248 /* SwiftyBeaver in Frameworks */ = {isa = PBXBuildFile; productRef = B84CB4822D8AF0390050A248 /* SwiftyBeaver */; };
		B861CF792D881D4B00904F72 /* LocationsViewModel.swift in Sources */ = {isa = PBXBuildFile; fileRef = B861CF782D881D4600904F72 /* LocationsViewModel.swift */; };
		B87787882D8982A90062F17F /* Domain.framework in Frameworks */ = {isa = PBXBuildFile; fileRef = B87787872D8982A90062F17F /* Domain.framework */; };
		B87787892D8982A90062F17F /* Domain.framework in Embed Frameworks */ = {isa = PBXBuildFile; fileRef = B87787872D8982A90062F17F /* Domain.framework */; settings = {ATTRIBUTES = (CodeSignOnCopy, RemoveHeadersOnCopy, ); }; };
		B89346432D883E0B00603E18 /* Utils.framework in Frameworks */ = {isa = PBXBuildFile; fileRef = B893463F2D883DA400603E18 /* Utils.framework */; };
		B89346D92D8840E500603E18 /* Utils.framework in Embed Frameworks */ = {isa = PBXBuildFile; fileRef = B89346462D883E3200603E18 /* Utils.framework */; settings = {ATTRIBUTES = (CodeSignOnCopy, RemoveHeadersOnCopy, ); }; };
		B89347252D88422200603E18 /* Data.framework in Frameworks */ = {isa = PBXBuildFile; fileRef = B89347242D88422200603E18 /* Data.framework */; };
		B89347262D88422200603E18 /* Data.framework in Embed Frameworks */ = {isa = PBXBuildFile; fileRef = B89347242D88422200603E18 /* Data.framework */; settings = {ATTRIBUTES = (CodeSignOnCopy, RemoveHeadersOnCopy, ); }; };
		B8BAAFCE2D269C99002389BC /* Localizable.xcstrings in Resources */ = {isa = PBXBuildFile; fileRef = B8BAAFCD2D269C99002389BC /* Localizable.xcstrings */; };
		B8CC939E2B6E901600F34747 /* AppDelegate.swift in Sources */ = {isa = PBXBuildFile; fileRef = B8CC939D2B6E901600F34747 /* AppDelegate.swift */; };
		B8CC93A02B6E901600F34747 /* SceneDelegate.swift in Sources */ = {isa = PBXBuildFile; fileRef = B8CC939F2B6E901600F34747 /* SceneDelegate.swift */; };
		B8CC93A72B6E901800F34747 /* Assets.xcassets in Resources */ = {isa = PBXBuildFile; fileRef = B8CC93A62B6E901800F34747 /* Assets.xcassets */; };
		B8CC93AA2B6E901800F34747 /* LaunchScreen.storyboard in Resources */ = {isa = PBXBuildFile; fileRef = B8CC93A82B6E901800F34747 /* LaunchScreen.storyboard */; };
		B8CC93B52B6E901800F34747 /* WeatherAppTests.swift in Sources */ = {isa = PBXBuildFile; fileRef = B8CC93B42B6E901800F34747 /* WeatherAppTests.swift */; };
		B8CC93BF2B6E901800F34747 /* WeatherAppUITests.swift in Sources */ = {isa = PBXBuildFile; fileRef = B8CC93BE2B6E901800F34747 /* WeatherAppUITests.swift */; };
		B8CC93C12B6E901800F34747 /* WeatherAppUITestsLaunchTests.swift in Sources */ = {isa = PBXBuildFile; fileRef = B8CC93C02B6E901800F34747 /* WeatherAppUITestsLaunchTests.swift */; };
		B8E0DD582D27CB8900363DCA /* .gitignore in Resources */ = {isa = PBXBuildFile; fileRef = B8E0DD572D27CB7B00363DCA /* .gitignore */; };
/* End PBXBuildFile section */

/* Begin PBXContainerItemProxy section */
		B8CC93B12B6E901800F34747 /* PBXContainerItemProxy */ = {
			isa = PBXContainerItemProxy;
			containerPortal = B8CC93922B6E901600F34747 /* Project object */;
			proxyType = 1;
			remoteGlobalIDString = B8CC93992B6E901600F34747;
			remoteInfo = WeatherApp;
		};
		B8CC93BB2B6E901800F34747 /* PBXContainerItemProxy */ = {
			isa = PBXContainerItemProxy;
			containerPortal = B8CC93922B6E901600F34747 /* Project object */;
			proxyType = 1;
			remoteGlobalIDString = B8CC93992B6E901600F34747;
			remoteInfo = WeatherApp;
		};
/* End PBXContainerItemProxy section */

/* Begin PBXCopyFilesBuildPhase section */
		B89346DA2D8840E500603E18 /* Embed Frameworks */ = {
			isa = PBXCopyFilesBuildPhase;
			buildActionMask = 2147483647;
			dstPath = "";
			dstSubfolderSpec = 10;
			files = (
				B87787892D8982A90062F17F /* Domain.framework in Embed Frameworks */,
				B89347262D88422200603E18 /* Data.framework in Embed Frameworks */,
				B89346D92D8840E500603E18 /* Utils.framework in Embed Frameworks */,
			);
			name = "Embed Frameworks";
			runOnlyForDeploymentPostprocessing = 0;
		};
/* End PBXCopyFilesBuildPhase section */

/* Begin PBXFileReference section */
		42FD58163A5BA917FFFD07A9 /* Pods-WeatherApp.release.xcconfig */ = {isa = PBXFileReference; includeInIndex = 1; lastKnownFileType = text.xcconfig; name = "Pods-WeatherApp.release.xcconfig"; path = "Target Support Files/Pods-WeatherApp/Pods-WeatherApp.release.xcconfig"; sourceTree = "<group>"; };
		B801E6AE2D1EE8F900F2078E /* LocationsViewController.swift */ = {isa = PBXFileReference; lastKnownFileType = sourcecode.swift; path = LocationsViewController.swift; sourceTree = "<group>"; };
		B801E6AF2D1EE8F900F2078E /* WeatherViewController.swift */ = {isa = PBXFileReference; lastKnownFileType = sourcecode.swift; path = WeatherViewController.swift; sourceTree = "<group>"; };
		B861CF782D881D4600904F72 /* LocationsViewModel.swift */ = {isa = PBXFileReference; lastKnownFileType = sourcecode.swift; path = LocationsViewModel.swift; sourceTree = "<group>"; };
		B87787872D8982A90062F17F /* Domain.framework */ = {isa = PBXFileReference; explicitFileType = wrapper.framework; path = Domain.framework; sourceTree = BUILT_PRODUCTS_DIR; };
		B893463F2D883DA400603E18 /* Utils.framework */ = {isa = PBXFileReference; explicitFileType = wrapper.framework; path = Utils.framework; sourceTree = BUILT_PRODUCTS_DIR; };
		B89346462D883E3200603E18 /* Utils.framework */ = {isa = PBXFileReference; explicitFileType = wrapper.framework; path = Utils.framework; sourceTree = BUILT_PRODUCTS_DIR; };
		B89347242D88422200603E18 /* Data.framework */ = {isa = PBXFileReference; explicitFileType = wrapper.framework; path = Data.framework; sourceTree = BUILT_PRODUCTS_DIR; };
		B8BAAFCD2D269C99002389BC /* Localizable.xcstrings */ = {isa = PBXFileReference; lastKnownFileType = text.json.xcstrings; path = Localizable.xcstrings; sourceTree = "<group>"; };
		B8CC939A2B6E901600F34747 /* WeatherApp.app */ = {isa = PBXFileReference; explicitFileType = wrapper.application; includeInIndex = 0; path = WeatherApp.app; sourceTree = BUILT_PRODUCTS_DIR; };
		B8CC939D2B6E901600F34747 /* AppDelegate.swift */ = {isa = PBXFileReference; lastKnownFileType = sourcecode.swift; path = AppDelegate.swift; sourceTree = "<group>"; };
		B8CC939F2B6E901600F34747 /* SceneDelegate.swift */ = {isa = PBXFileReference; lastKnownFileType = sourcecode.swift; path = SceneDelegate.swift; sourceTree = "<group>"; };
		B8CC93A62B6E901800F34747 /* Assets.xcassets */ = {isa = PBXFileReference; lastKnownFileType = folder.assetcatalog; path = Assets.xcassets; sourceTree = "<group>"; };
		B8CC93A92B6E901800F34747 /* Base */ = {isa = PBXFileReference; lastKnownFileType = file.storyboard; name = Base; path = Base.lproj/LaunchScreen.storyboard; sourceTree = "<group>"; };
		B8CC93AB2B6E901800F34747 /* Info.plist */ = {isa = PBXFileReference; lastKnownFileType = text.plist.xml; path = Info.plist; sourceTree = "<group>"; };
		B8CC93B02B6E901800F34747 /* WeatherAppTests.xctest */ = {isa = PBXFileReference; explicitFileType = wrapper.cfbundle; includeInIndex = 0; path = WeatherAppTests.xctest; sourceTree = BUILT_PRODUCTS_DIR; };
		B8CC93B42B6E901800F34747 /* WeatherAppTests.swift */ = {isa = PBXFileReference; lastKnownFileType = sourcecode.swift; path = WeatherAppTests.swift; sourceTree = "<group>"; };
		B8CC93BA2B6E901800F34747 /* WeatherAppUITests.xctest */ = {isa = PBXFileReference; explicitFileType = wrapper.cfbundle; includeInIndex = 0; path = WeatherAppUITests.xctest; sourceTree = BUILT_PRODUCTS_DIR; };
		B8CC93BE2B6E901800F34747 /* WeatherAppUITests.swift */ = {isa = PBXFileReference; lastKnownFileType = sourcecode.swift; path = WeatherAppUITests.swift; sourceTree = "<group>"; };
		B8CC93C02B6E901800F34747 /* WeatherAppUITestsLaunchTests.swift */ = {isa = PBXFileReference; lastKnownFileType = sourcecode.swift; path = WeatherAppUITestsLaunchTests.swift; sourceTree = "<group>"; };
		B8E0DD572D27CB7B00363DCA /* .gitignore */ = {isa = PBXFileReference; lastKnownFileType = text; path = .gitignore; sourceTree = "<group>"; };
		EE86FB6DC2DC9EF267A397A0 /* Pods-WeatherApp.debug.xcconfig */ = {isa = PBXFileReference; includeInIndex = 1; lastKnownFileType = text.xcconfig; name = "Pods-WeatherApp.debug.xcconfig"; path = "Target Support Files/Pods-WeatherApp/Pods-WeatherApp.debug.xcconfig"; sourceTree = "<group>"; };
/* End PBXFileReference section */

/* Begin PBXFileSystemSynchronizedRootGroup section */
		B82858E32D1FCBEF007C98FB /* components */ = {
			isa = PBXFileSystemSynchronizedRootGroup;
			path = components;
			sourceTree = "<group>";
		};
		B87787832D8982710062F17F /* mapper */ = {
			isa = PBXFileSystemSynchronizedRootGroup;
			path = mapper;
			sourceTree = "<group>";
		};
		B8BAAFCA2D269211002389BC /* fonts */ = {
			isa = PBXFileSystemSynchronizedRootGroup;
			path = fonts;
			sourceTree = "<group>";
		};
/* End PBXFileSystemSynchronizedRootGroup section */

/* Begin PBXFrameworksBuildPhase section */
		B8CC93972B6E901600F34747 /* Frameworks */ = {
			isa = PBXFrameworksBuildPhase;
			buildActionMask = 2147483647;
			files = (
				B87787882D8982A90062F17F /* Domain.framework in Frameworks */,
				B89347252D88422200603E18 /* Data.framework in Frameworks */,
				B89346432D883E0B00603E18 /* Utils.framework in Frameworks */,
				B84CB4832D8AF0390050A248 /* SwiftyBeaver in Frameworks */,
			);
			runOnlyForDeploymentPostprocessing = 0;
		};
		B8CC93AD2B6E901800F34747 /* Frameworks */ = {
			isa = PBXFrameworksBuildPhase;
			buildActionMask = 2147483647;
			files = (
			);
			runOnlyForDeploymentPostprocessing = 0;
		};
		B8CC93B72B6E901800F34747 /* Frameworks */ = {
			isa = PBXFrameworksBuildPhase;
			buildActionMask = 2147483647;
			files = (
			);
			runOnlyForDeploymentPostprocessing = 0;
		};
/* End PBXFrameworksBuildPhase section */

/* Begin PBXGroup section */
		B801E6AC2D1EE8F900F2078E /* locations */ = {
			isa = PBXGroup;
			children = (
				B87787832D8982710062F17F /* mapper */,
				B82858E32D1FCBEF007C98FB /* components */,
				B861CF782D881D4600904F72 /* LocationsViewModel.swift */,
				B801E6AE2D1EE8F900F2078E /* LocationsViewController.swift */,
			);
			path = locations;
			sourceTree = "<group>";
		};
		B801E6AD2D1EE8F900F2078E /* weather */ = {
			isa = PBXGroup;
			children = (
				B801E6AF2D1EE8F900F2078E /* WeatherViewController.swift */,
			);
			path = weather;
			sourceTree = "<group>";
		};
		B801E6B02D1EE8F900F2078E /* ui */ = {
			isa = PBXGroup;
			children = (
				B801E6AC2D1EE8F900F2078E /* locations */,
				B801E6AD2D1EE8F900F2078E /* weather */,
			);
			path = ui;
			sourceTree = "<group>";
		};
		B8CC93912B6E901600F34747 = {
			isa = PBXGroup;
			children = (
				B8CC939C2B6E901600F34747 /* WeatherApp */,
				B8CC93B32B6E901800F34747 /* WeatherAppTests */,
				B8CC93BD2B6E901800F34747 /* WeatherAppUITests */,
				B8CC939B2B6E901600F34747 /* Products */,
				EE92B98CFC892D411B41EAE3 /* Pods */,
				C50B74403EAAB9F1BB523B6C /* Frameworks */,
			);
			sourceTree = "<group>";
		};
		B8CC939B2B6E901600F34747 /* Products */ = {
			isa = PBXGroup;
			children = (
				B8CC939A2B6E901600F34747 /* WeatherApp.app */,
				B8CC93B02B6E901800F34747 /* WeatherAppTests.xctest */,
				B8CC93BA2B6E901800F34747 /* WeatherAppUITests.xctest */,
			);
			name = Products;
			sourceTree = "<group>";
		};
		B8CC939C2B6E901600F34747 /* WeatherApp */ = {
			isa = PBXGroup;
			children = (
				B8E0DD572D27CB7B00363DCA /* .gitignore */,
				B8BAAFCA2D269211002389BC /* fonts */,
				B801E6B02D1EE8F900F2078E /* ui */,
				B8CC939D2B6E901600F34747 /* AppDelegate.swift */,
				B8CC939F2B6E901600F34747 /* SceneDelegate.swift */,
				B8CC93A62B6E901800F34747 /* Assets.xcassets */,
				B8CC93A82B6E901800F34747 /* LaunchScreen.storyboard */,
				B8CC93AB2B6E901800F34747 /* Info.plist */,
				B8BAAFCD2D269C99002389BC /* Localizable.xcstrings */,
			);
			path = WeatherApp;
			sourceTree = "<group>";
		};
		B8CC93B32B6E901800F34747 /* WeatherAppTests */ = {
			isa = PBXGroup;
			children = (
				B8CC93B42B6E901800F34747 /* WeatherAppTests.swift */,
			);
			path = WeatherAppTests;
			sourceTree = "<group>";
		};
		B8CC93BD2B6E901800F34747 /* WeatherAppUITests */ = {
			isa = PBXGroup;
			children = (
				B8CC93BE2B6E901800F34747 /* WeatherAppUITests.swift */,
				B8CC93C02B6E901800F34747 /* WeatherAppUITestsLaunchTests.swift */,
			);
			path = WeatherAppUITests;
			sourceTree = "<group>";
		};
		C50B74403EAAB9F1BB523B6C /* Frameworks */ = {
			isa = PBXGroup;
			children = (
				B87787872D8982A90062F17F /* Domain.framework */,
				B89347242D88422200603E18 /* Data.framework */,
				B89346462D883E3200603E18 /* Utils.framework */,
				B893463F2D883DA400603E18 /* Utils.framework */,
			);
			name = Frameworks;
			sourceTree = "<group>";
		};
		EE92B98CFC892D411B41EAE3 /* Pods */ = {
			isa = PBXGroup;
			children = (
				EE86FB6DC2DC9EF267A397A0 /* Pods-WeatherApp.debug.xcconfig */,
				42FD58163A5BA917FFFD07A9 /* Pods-WeatherApp.release.xcconfig */,
			);
			path = Pods;
			sourceTree = "<group>";
		};
/* End PBXGroup section */

/* Begin PBXNativeTarget section */
		B8CC93992B6E901600F34747 /* WeatherApp */ = {
			isa = PBXNativeTarget;
			buildConfigurationList = B8CC93C42B6E901800F34747 /* Build configuration list for PBXNativeTarget "WeatherApp" */;
			buildPhases = (
				F31DFB521ABCC4D3D2A543BB /* [CP] Check Pods Manifest.lock */,
				B8CC93962B6E901600F34747 /* Sources */,
				B8CC93972B6E901600F34747 /* Frameworks */,
				B8CC93982B6E901600F34747 /* Resources */,
				B89346DA2D8840E500603E18 /* Embed Frameworks */,
			);
			buildRules = (
			);
			dependencies = (
			);
			fileSystemSynchronizedGroups = (
				B82858E32D1FCBEF007C98FB /* components */,
				B87787832D8982710062F17F /* mapper */,
				B8BAAFCA2D269211002389BC /* fonts */,
			);
			name = WeatherApp;
			productName = WeatherApp;
			productReference = B8CC939A2B6E901600F34747 /* WeatherApp.app */;
			productType = "com.apple.product-type.application";
		};
		B8CC93AF2B6E901800F34747 /* WeatherAppTests */ = {
			isa = PBXNativeTarget;
			buildConfigurationList = B8CC93C72B6E901800F34747 /* Build configuration list for PBXNativeTarget "WeatherAppTests" */;
			buildPhases = (
				B8CC93AC2B6E901800F34747 /* Sources */,
				B8CC93AD2B6E901800F34747 /* Frameworks */,
				B8CC93AE2B6E901800F34747 /* Resources */,
			);
			buildRules = (
			);
			dependencies = (
				B8CC93B22B6E901800F34747 /* PBXTargetDependency */,
			);
			name = WeatherAppTests;
			productName = WeatherAppTests;
			productReference = B8CC93B02B6E901800F34747 /* WeatherAppTests.xctest */;
			productType = "com.apple.product-type.bundle.unit-test";
		};
		B8CC93B92B6E901800F34747 /* WeatherAppUITests */ = {
			isa = PBXNativeTarget;
			buildConfigurationList = B8CC93CA2B6E901800F34747 /* Build configuration list for PBXNativeTarget "WeatherAppUITests" */;
			buildPhases = (
				B8CC93B62B6E901800F34747 /* Sources */,
				B8CC93B72B6E901800F34747 /* Frameworks */,
				B8CC93B82B6E901800F34747 /* Resources */,
			);
			buildRules = (
			);
			dependencies = (
				B8CC93BC2B6E901800F34747 /* PBXTargetDependency */,
			);
			name = WeatherAppUITests;
			productName = WeatherAppUITests;
			productReference = B8CC93BA2B6E901800F34747 /* WeatherAppUITests.xctest */;
			productType = "com.apple.product-type.bundle.ui-testing";
		};
/* End PBXNativeTarget section */

/* Begin PBXProject section */
		B8CC93922B6E901600F34747 /* Project object */ = {
			isa = PBXProject;
			attributes = {
				BuildIndependentTargetsInParallel = 1;
				LastSwiftUpdateCheck = 1520;
				LastUpgradeCheck = 1620;
				TargetAttributes = {
					B8CC93992B6E901600F34747 = {
						CreatedOnToolsVersion = 15.2;
					};
					B8CC93AF2B6E901800F34747 = {
						CreatedOnToolsVersion = 15.2;
						TestTargetID = B8CC93992B6E901600F34747;
					};
					B8CC93B92B6E901800F34747 = {
						CreatedOnToolsVersion = 15.2;
						TestTargetID = B8CC93992B6E901600F34747;
					};
				};
			};
			buildConfigurationList = B8CC93952B6E901600F34747 /* Build configuration list for PBXProject "WeatherApp" */;
			developmentRegion = en;
			hasScannedForEncodings = 0;
			knownRegions = (
				en,
				Base,
				ru,
			);
			mainGroup = B8CC93912B6E901600F34747;
			packageReferences = (
				B84CB4812D8AEC2E0050A248 /* XCRemoteSwiftPackageReference "SwiftyBeaver" */,
			);
			preferredProjectObjectVersion = 77;
			productRefGroup = B8CC939B2B6E901600F34747 /* Products */;
			projectDirPath = "";
			projectRoot = "";
			targets = (
				B8CC93992B6E901600F34747 /* WeatherApp */,
				B8CC93AF2B6E901800F34747 /* WeatherAppTests */,
				B8CC93B92B6E901800F34747 /* WeatherAppUITests */,
			);
		};
/* End PBXProject section */

/* Begin PBXResourcesBuildPhase section */
		B8CC93982B6E901600F34747 /* Resources */ = {
			isa = PBXResourcesBuildPhase;
			buildActionMask = 2147483647;
			files = (
				B8E0DD582D27CB8900363DCA /* .gitignore in Resources */,
				B8CC93AA2B6E901800F34747 /* LaunchScreen.storyboard in Resources */,
				B8BAAFCE2D269C99002389BC /* Localizable.xcstrings in Resources */,
				B8CC93A72B6E901800F34747 /* Assets.xcassets in Resources */,
			);
			runOnlyForDeploymentPostprocessing = 0;
		};
		B8CC93AE2B6E901800F34747 /* Resources */ = {
			isa = PBXResourcesBuildPhase;
			buildActionMask = 2147483647;
			files = (
			);
			runOnlyForDeploymentPostprocessing = 0;
		};
		B8CC93B82B6E901800F34747 /* Resources */ = {
			isa = PBXResourcesBuildPhase;
			buildActionMask = 2147483647;
			files = (
			);
			runOnlyForDeploymentPostprocessing = 0;
		};
/* End PBXResourcesBuildPhase section */

/* Begin PBXShellScriptBuildPhase section */
		F31DFB521ABCC4D3D2A543BB /* [CP] Check Pods Manifest.lock */ = {
			isa = PBXShellScriptBuildPhase;
			buildActionMask = 2147483647;
			files = (
			);
			inputFileListPaths = (
			);
			inputPaths = (
				"${PODS_PODFILE_DIR_PATH}/Podfile.lock",
				"${PODS_ROOT}/Manifest.lock",
			);
			name = "[CP] Check Pods Manifest.lock";
			outputFileListPaths = (
			);
			outputPaths = (
				"$(DERIVED_FILE_DIR)/Pods-WeatherApp-checkManifestLockResult.txt",
			);
			runOnlyForDeploymentPostprocessing = 0;
			shellPath = /bin/sh;
			shellScript = "diff \"${PODS_PODFILE_DIR_PATH}/Podfile.lock\" \"${PODS_ROOT}/Manifest.lock\" > /dev/null\nif [ $? != 0 ] ; then\n    # print error to STDERR\n    echo \"error: The sandbox is not in sync with the Podfile.lock. Run 'pod install' or update your CocoaPods installation.\" >&2\n    exit 1\nfi\n# This output is used by Xcode 'outputs' to avoid re-running this script phase.\necho \"SUCCESS\" > \"${SCRIPT_OUTPUT_FILE_0}\"\n";
			showEnvVarsInLog = 0;
		};
/* End PBXShellScriptBuildPhase section */

/* Begin PBXSourcesBuildPhase section */
		B8CC93962B6E901600F34747 /* Sources */ = {
			isa = PBXSourcesBuildPhase;
			buildActionMask = 2147483647;
			files = (
				B861CF792D881D4B00904F72 /* LocationsViewModel.swift in Sources */,
				B801E6B12D1EE8F900F2078E /* LocationsViewController.swift in Sources */,
				B801E6B22D1EE8F900F2078E /* WeatherViewController.swift in Sources */,
				B8CC939E2B6E901600F34747 /* AppDelegate.swift in Sources */,
				B8CC93A02B6E901600F34747 /* SceneDelegate.swift in Sources */,
			);
			runOnlyForDeploymentPostprocessing = 0;
		};
		B8CC93AC2B6E901800F34747 /* Sources */ = {
			isa = PBXSourcesBuildPhase;
			buildActionMask = 2147483647;
			files = (
				B8CC93B52B6E901800F34747 /* WeatherAppTests.swift in Sources */,
			);
			runOnlyForDeploymentPostprocessing = 0;
		};
		B8CC93B62B6E901800F34747 /* Sources */ = {
			isa = PBXSourcesBuildPhase;
			buildActionMask = 2147483647;
			files = (
				B8CC93BF2B6E901800F34747 /* WeatherAppUITests.swift in Sources */,
				B8CC93C12B6E901800F34747 /* WeatherAppUITestsLaunchTests.swift in Sources */,
			);
			runOnlyForDeploymentPostprocessing = 0;
		};
/* End PBXSourcesBuildPhase section */

/* Begin PBXTargetDependency section */
		B8CC93B22B6E901800F34747 /* PBXTargetDependency */ = {
			isa = PBXTargetDependency;
			target = B8CC93992B6E901600F34747 /* WeatherApp */;
			targetProxy = B8CC93B12B6E901800F34747 /* PBXContainerItemProxy */;
		};
		B8CC93BC2B6E901800F34747 /* PBXTargetDependency */ = {
			isa = PBXTargetDependency;
			target = B8CC93992B6E901600F34747 /* WeatherApp */;
			targetProxy = B8CC93BB2B6E901800F34747 /* PBXContainerItemProxy */;
		};
/* End PBXTargetDependency section */

/* Begin PBXVariantGroup section */
		B8CC93A82B6E901800F34747 /* LaunchScreen.storyboard */ = {
			isa = PBXVariantGroup;
			children = (
				B8CC93A92B6E901800F34747 /* Base */,
			);
			name = LaunchScreen.storyboard;
			sourceTree = "<group>";
		};
/* End PBXVariantGroup section */

/* Begin XCBuildConfiguration section */
		B8CC93C22B6E901800F34747 /* Debug */ = {
			isa = XCBuildConfiguration;
			buildSettings = {
				ALWAYS_SEARCH_USER_PATHS = NO;
				ASSETCATALOG_COMPILER_GENERATE_SWIFT_ASSET_SYMBOL_EXTENSIONS = YES;
				CLANG_ANALYZER_NONNULL = YES;
				CLANG_ANALYZER_NUMBER_OBJECT_CONVERSION = YES_AGGRESSIVE;
				CLANG_CXX_LANGUAGE_STANDARD = "gnu++20";
				CLANG_ENABLE_MODULES = YES;
				CLANG_ENABLE_OBJC_ARC = YES;
				CLANG_ENABLE_OBJC_WEAK = YES;
				CLANG_WARN_BLOCK_CAPTURE_AUTORELEASING = YES;
				CLANG_WARN_BOOL_CONVERSION = YES;
				CLANG_WARN_COMMA = YES;
				CLANG_WARN_CONSTANT_CONVERSION = YES;
				CLANG_WARN_DEPRECATED_OBJC_IMPLEMENTATIONS = YES;
				CLANG_WARN_DIRECT_OBJC_ISA_USAGE = YES_ERROR;
				CLANG_WARN_DOCUMENTATION_COMMENTS = YES;
				CLANG_WARN_EMPTY_BODY = YES;
				CLANG_WARN_ENUM_CONVERSION = YES;
				CLANG_WARN_INFINITE_RECURSION = YES;
				CLANG_WARN_INT_CONVERSION = YES;
				CLANG_WARN_NON_LITERAL_NULL_CONVERSION = YES;
				CLANG_WARN_OBJC_IMPLICIT_RETAIN_SELF = YES;
				CLANG_WARN_OBJC_LITERAL_CONVERSION = YES;
				CLANG_WARN_OBJC_ROOT_CLASS = YES_ERROR;
				CLANG_WARN_QUOTED_INCLUDE_IN_FRAMEWORK_HEADER = YES;
				CLANG_WARN_RANGE_LOOP_ANALYSIS = YES;
				CLANG_WARN_STRICT_PROTOTYPES = YES;
				CLANG_WARN_SUSPICIOUS_MOVE = YES;
				CLANG_WARN_UNGUARDED_AVAILABILITY = YES_AGGRESSIVE;
				CLANG_WARN_UNREACHABLE_CODE = YES;
				CLANG_WARN__DUPLICATE_METHOD_MATCH = YES;
				COPY_PHASE_STRIP = NO;
				DEBUG_INFORMATION_FORMAT = dwarf;
				ENABLE_STRICT_OBJC_MSGSEND = YES;
				ENABLE_TESTABILITY = YES;
				ENABLE_USER_SCRIPT_SANDBOXING = YES;
				GCC_C_LANGUAGE_STANDARD = gnu17;
				GCC_DYNAMIC_NO_PIC = NO;
				GCC_NO_COMMON_BLOCKS = YES;
				GCC_OPTIMIZATION_LEVEL = 0;
				GCC_PREPROCESSOR_DEFINITIONS = (
					"DEBUG=1",
					"$(inherited)",
				);
				GCC_WARN_64_TO_32_BIT_CONVERSION = YES;
				GCC_WARN_ABOUT_RETURN_TYPE = YES_ERROR;
				GCC_WARN_UNDECLARED_SELECTOR = YES;
				GCC_WARN_UNINITIALIZED_AUTOS = YES_AGGRESSIVE;
				GCC_WARN_UNUSED_FUNCTION = YES;
				GCC_WARN_UNUSED_VARIABLE = YES;
				IPHONEOS_DEPLOYMENT_TARGET = 17.2;
				LOCALIZATION_PREFERS_STRING_CATALOGS = YES;
				MTL_ENABLE_DEBUG_INFO = INCLUDE_SOURCE;
				MTL_FAST_MATH = YES;
				ONLY_ACTIVE_ARCH = YES;
				SDKROOT = iphoneos;
				SWIFT_ACTIVE_COMPILATION_CONDITIONS = "DEBUG $(inherited)";
				SWIFT_EMIT_LOC_STRINGS = YES;
				SWIFT_OPTIMIZATION_LEVEL = "-Onone";
			};
			name = Debug;
		};
		B8CC93C32B6E901800F34747 /* Release */ = {
			isa = XCBuildConfiguration;
			buildSettings = {
				ALWAYS_SEARCH_USER_PATHS = NO;
				ASSETCATALOG_COMPILER_GENERATE_SWIFT_ASSET_SYMBOL_EXTENSIONS = YES;
				CLANG_ANALYZER_NONNULL = YES;
				CLANG_ANALYZER_NUMBER_OBJECT_CONVERSION = YES_AGGRESSIVE;
				CLANG_CXX_LANGUAGE_STANDARD = "gnu++20";
				CLANG_ENABLE_MODULES = YES;
				CLANG_ENABLE_OBJC_ARC = YES;
				CLANG_ENABLE_OBJC_WEAK = YES;
				CLANG_WARN_BLOCK_CAPTURE_AUTORELEASING = YES;
				CLANG_WARN_BOOL_CONVERSION = YES;
				CLANG_WARN_COMMA = YES;
				CLANG_WARN_CONSTANT_CONVERSION = YES;
				CLANG_WARN_DEPRECATED_OBJC_IMPLEMENTATIONS = YES;
				CLANG_WARN_DIRECT_OBJC_ISA_USAGE = YES_ERROR;
				CLANG_WARN_DOCUMENTATION_COMMENTS = YES;
				CLANG_WARN_EMPTY_BODY = YES;
				CLANG_WARN_ENUM_CONVERSION = YES;
				CLANG_WARN_INFINITE_RECURSION = YES;
				CLANG_WARN_INT_CONVERSION = YES;
				CLANG_WARN_NON_LITERAL_NULL_CONVERSION = YES;
				CLANG_WARN_OBJC_IMPLICIT_RETAIN_SELF = YES;
				CLANG_WARN_OBJC_LITERAL_CONVERSION = YES;
				CLANG_WARN_OBJC_ROOT_CLASS = YES_ERROR;
				CLANG_WARN_QUOTED_INCLUDE_IN_FRAMEWORK_HEADER = YES;
				CLANG_WARN_RANGE_LOOP_ANALYSIS = YES;
				CLANG_WARN_STRICT_PROTOTYPES = YES;
				CLANG_WARN_SUSPICIOUS_MOVE = YES;
				CLANG_WARN_UNGUARDED_AVAILABILITY = YES_AGGRESSIVE;
				CLANG_WARN_UNREACHABLE_CODE = YES;
				CLANG_WARN__DUPLICATE_METHOD_MATCH = YES;
				COPY_PHASE_STRIP = NO;
				DEBUG_INFORMATION_FORMAT = "dwarf-with-dsym";
				ENABLE_NS_ASSERTIONS = NO;
				ENABLE_STRICT_OBJC_MSGSEND = YES;
				ENABLE_USER_SCRIPT_SANDBOXING = YES;
				GCC_C_LANGUAGE_STANDARD = gnu17;
				GCC_NO_COMMON_BLOCKS = YES;
				GCC_WARN_64_TO_32_BIT_CONVERSION = YES;
				GCC_WARN_ABOUT_RETURN_TYPE = YES_ERROR;
				GCC_WARN_UNDECLARED_SELECTOR = YES;
				GCC_WARN_UNINITIALIZED_AUTOS = YES_AGGRESSIVE;
				GCC_WARN_UNUSED_FUNCTION = YES;
				GCC_WARN_UNUSED_VARIABLE = YES;
				IPHONEOS_DEPLOYMENT_TARGET = 17.2;
				LOCALIZATION_PREFERS_STRING_CATALOGS = YES;
				MTL_ENABLE_DEBUG_INFO = NO;
				MTL_FAST_MATH = YES;
				SDKROOT = iphoneos;
				SWIFT_COMPILATION_MODE = wholemodule;
				SWIFT_EMIT_LOC_STRINGS = YES;
				VALIDATE_PRODUCT = YES;
			};
			name = Release;
		};
		B8CC93C52B6E901800F34747 /* Debug */ = {
			isa = XCBuildConfiguration;
			baseConfigurationReference = EE86FB6DC2DC9EF267A397A0 /* Pods-WeatherApp.debug.xcconfig */;
			buildSettings = {
				ASSETCATALOG_COMPILER_APPICON_NAME = AppIcon;
				ASSETCATALOG_COMPILER_GLOBAL_ACCENT_COLOR_NAME = AccentColor;
				CODE_SIGN_STYLE = Automatic;
				CURRENT_PROJECT_VERSION = 1;
				DEVELOPMENT_TEAM = F96CS3687L;
				GENERATE_INFOPLIST_FILE = YES;
				INFOPLIST_FILE = WeatherApp/Info.plist;
				INFOPLIST_KEY_LSApplicationCategoryType = "public.app-category.weather";
				INFOPLIST_KEY_UIApplicationSupportsIndirectInputEvents = YES;
				INFOPLIST_KEY_UILaunchStoryboardName = LaunchScreen;
				INFOPLIST_KEY_UISupportedInterfaceOrientations_iPad = "UIInterfaceOrientationPortrait UIInterfaceOrientationPortraitUpsideDown UIInterfaceOrientationLandscapeLeft UIInterfaceOrientationLandscapeRight";
				INFOPLIST_KEY_UISupportedInterfaceOrientations_iPhone = "UIInterfaceOrientationPortrait UIInterfaceOrientationLandscapeLeft UIInterfaceOrientationLandscapeRight";
				IPHONEOS_DEPLOYMENT_TARGET = 14.0;
				LD_RUNPATH_SEARCH_PATHS = (
					"$(inherited)",
					"@executable_path/Frameworks",
				);
				MARKETING_VERSION = 1.0;
				PRODUCT_BUNDLE_IDENTIFIER = com.diphrogram.WeatherApp;
				PRODUCT_NAME = "$(TARGET_NAME)";
				SWIFT_EMIT_LOC_STRINGS = YES;
				SWIFT_VERSION = 5.0;
				TARGETED_DEVICE_FAMILY = "1,2";
			};
			name = Debug;
		};
		B8CC93C62B6E901800F34747 /* Release */ = {
			isa = XCBuildConfiguration;
			baseConfigurationReference = 42FD58163A5BA917FFFD07A9 /* Pods-WeatherApp.release.xcconfig */;
			buildSettings = {
				ASSETCATALOG_COMPILER_APPICON_NAME = AppIcon;
				ASSETCATALOG_COMPILER_GLOBAL_ACCENT_COLOR_NAME = AccentColor;
				CODE_SIGN_STYLE = Automatic;
				CURRENT_PROJECT_VERSION = 1;
				DEVELOPMENT_TEAM = F96CS3687L;
				GENERATE_INFOPLIST_FILE = YES;
				INFOPLIST_FILE = WeatherApp/Info.plist;
				INFOPLIST_KEY_LSApplicationCategoryType = "public.app-category.weather";
				INFOPLIST_KEY_UIApplicationSupportsIndirectInputEvents = YES;
				INFOPLIST_KEY_UILaunchStoryboardName = LaunchScreen;
				INFOPLIST_KEY_UISupportedInterfaceOrientations_iPad = "UIInterfaceOrientationPortrait UIInterfaceOrientationPortraitUpsideDown UIInterfaceOrientationLandscapeLeft UIInterfaceOrientationLandscapeRight";
				INFOPLIST_KEY_UISupportedInterfaceOrientations_iPhone = "UIInterfaceOrientationPortrait UIInterfaceOrientationLandscapeLeft UIInterfaceOrientationLandscapeRight";
				IPHONEOS_DEPLOYMENT_TARGET = 14.0;
				LD_RUNPATH_SEARCH_PATHS = (
					"$(inherited)",
					"@executable_path/Frameworks",
				);
				MARKETING_VERSION = 1.0;
				PRODUCT_BUNDLE_IDENTIFIER = com.diphrogram.WeatherApp;
				PRODUCT_NAME = "$(TARGET_NAME)";
				SWIFT_EMIT_LOC_STRINGS = YES;
				SWIFT_VERSION = 5.0;
				TARGETED_DEVICE_FAMILY = "1,2";
			};
			name = Release;
		};
		B8CC93C82B6E901800F34747 /* Debug */ = {
			isa = XCBuildConfiguration;
			buildSettings = {
				BUNDLE_LOADER = "$(TEST_HOST)";
				CODE_SIGN_STYLE = Automatic;
				CURRENT_PROJECT_VERSION = 1;
				DEVELOPMENT_TEAM = F96CS3687L;
				GENERATE_INFOPLIST_FILE = YES;
				IPHONEOS_DEPLOYMENT_TARGET = 17.2;
				MARKETING_VERSION = 1.0;
				PRODUCT_BUNDLE_IDENTIFIER = com.diphrogram.WeatherAppTests;
				PRODUCT_NAME = "$(TARGET_NAME)";
				SWIFT_EMIT_LOC_STRINGS = NO;
				SWIFT_VERSION = 5.0;
				TARGETED_DEVICE_FAMILY = "1,2";
				TEST_HOST = "$(BUILT_PRODUCTS_DIR)/WeatherApp.app/$(BUNDLE_EXECUTABLE_FOLDER_PATH)/WeatherApp";
			};
			name = Debug;
		};
		B8CC93C92B6E901800F34747 /* Release */ = {
			isa = XCBuildConfiguration;
			buildSettings = {
				BUNDLE_LOADER = "$(TEST_HOST)";
				CODE_SIGN_STYLE = Automatic;
				CURRENT_PROJECT_VERSION = 1;
				DEVELOPMENT_TEAM = F96CS3687L;
				GENERATE_INFOPLIST_FILE = YES;
				IPHONEOS_DEPLOYMENT_TARGET = 17.2;
				MARKETING_VERSION = 1.0;
				PRODUCT_BUNDLE_IDENTIFIER = com.diphrogram.WeatherAppTests;
				PRODUCT_NAME = "$(TARGET_NAME)";
				SWIFT_EMIT_LOC_STRINGS = NO;
				SWIFT_VERSION = 5.0;
				TARGETED_DEVICE_FAMILY = "1,2";
				TEST_HOST = "$(BUILT_PRODUCTS_DIR)/WeatherApp.app/$(BUNDLE_EXECUTABLE_FOLDER_PATH)/WeatherApp";
			};
			name = Release;
		};
		B8CC93CB2B6E901800F34747 /* Debug */ = {
			isa = XCBuildConfiguration;
			buildSettings = {
				CODE_SIGN_STYLE = Automatic;
				CURRENT_PROJECT_VERSION = 1;
				DEVELOPMENT_TEAM = F96CS3687L;
				GENERATE_INFOPLIST_FILE = YES;
				MARKETING_VERSION = 1.0;
				PRODUCT_BUNDLE_IDENTIFIER = com.diphrogram.WeatherAppUITests;
				PRODUCT_NAME = "$(TARGET_NAME)";
				SWIFT_EMIT_LOC_STRINGS = NO;
				SWIFT_VERSION = 5.0;
				TARGETED_DEVICE_FAMILY = "1,2";
				TEST_TARGET_NAME = WeatherApp;
			};
			name = Debug;
		};
		B8CC93CC2B6E901800F34747 /* Release */ = {
			isa = XCBuildConfiguration;
			buildSettings = {
				CODE_SIGN_STYLE = Automatic;
				CURRENT_PROJECT_VERSION = 1;
				DEVELOPMENT_TEAM = F96CS3687L;
				GENERATE_INFOPLIST_FILE = YES;
				MARKETING_VERSION = 1.0;
				PRODUCT_BUNDLE_IDENTIFIER = com.diphrogram.WeatherAppUITests;
				PRODUCT_NAME = "$(TARGET_NAME)";
				SWIFT_EMIT_LOC_STRINGS = NO;
				SWIFT_VERSION = 5.0;
				TARGETED_DEVICE_FAMILY = "1,2";
				TEST_TARGET_NAME = WeatherApp;
			};
			name = Release;
		};
/* End XCBuildConfiguration section */

/* Begin XCConfigurationList section */
		B8CC93952B6E901600F34747 /* Build configuration list for PBXProject "WeatherApp" */ = {
			isa = XCConfigurationList;
			buildConfigurations = (
				B8CC93C22B6E901800F34747 /* Debug */,
				B8CC93C32B6E901800F34747 /* Release */,
			);
			defaultConfigurationIsVisible = 0;
			defaultConfigurationName = Release;
		};
		B8CC93C42B6E901800F34747 /* Build configuration list for PBXNativeTarget "WeatherApp" */ = {
			isa = XCConfigurationList;
			buildConfigurations = (
				B8CC93C52B6E901800F34747 /* Debug */,
				B8CC93C62B6E901800F34747 /* Release */,
			);
			defaultConfigurationIsVisible = 0;
			defaultConfigurationName = Release;
		};
		B8CC93C72B6E901800F34747 /* Build configuration list for PBXNativeTarget "WeatherAppTests" */ = {
			isa = XCConfigurationList;
			buildConfigurations = (
				B8CC93C82B6E901800F34747 /* Debug */,
				B8CC93C92B6E901800F34747 /* Release */,
			);
			defaultConfigurationIsVisible = 0;
			defaultConfigurationName = Release;
		};
		B8CC93CA2B6E901800F34747 /* Build configuration list for PBXNativeTarget "WeatherAppUITests" */ = {
			isa = XCConfigurationList;
			buildConfigurations = (
				B8CC93CB2B6E901800F34747 /* Debug */,
				B8CC93CC2B6E901800F34747 /* Release */,
			);
			defaultConfigurationIsVisible = 0;
			defaultConfigurationName = Release;
		};
/* End XCConfigurationList section */

/* Begin XCRemoteSwiftPackageReference section */
		B84CB4812D8AEC2E0050A248 /* XCRemoteSwiftPackageReference "SwiftyBeaver" */ = {
			isa = XCRemoteSwiftPackageReference;
			repositoryURL = "https://github.com/SwiftyBeaver/SwiftyBeaver.git";
			requirement = {
				kind = upToNextMajorVersion;
				minimumVersion = 2.1.1;
			};
		};
/* End XCRemoteSwiftPackageReference section */

/* Begin XCSwiftPackageProductDependency section */
		B84CB4822D8AF0390050A248 /* SwiftyBeaver */ = {
			isa = XCSwiftPackageProductDependency;
			package = B84CB4812D8AEC2E0050A248 /* XCRemoteSwiftPackageReference "SwiftyBeaver" */;
			productName = SwiftyBeaver;
		};
/* End XCSwiftPackageProductDependency section */
	};
	rootObject = B8CC93922B6E901600F34747 /* Project object */;
}
